Microsoft Visual Studio Solution File, Format Version 12.00
# Visual Studio Version 17
VisualStudioVersion = 17.13.35825.156
MinimumVisualStudioVersion = 10.0.40219.1
Project("{FAE04EC0-301F-11D3-BF4B-00C04F79EFBC}") = "CsabaDu.DynamicTestData.xUnit", "CsabaDu.DynamicTestData.xUnit.csproj", "{FB9DC2B5-5899-6AD3-3DCF-7ADBE626381C}"
EndProject
Project("{FAE04EC0-301F-11D3-BF4B-00C04F79EFBC}") = "CsabaDu.DynamicTestData", "..\CsabaDu.DynamicTestData\CsabaDu.DynamicTestData.csproj", "{6C561A01-6991-8795-1D07-94D123B63E82}"
EndProject
Global
	GlobalSection(SolutionConfigurationPlatforms) = preSolution
		Debug|Any CPU = Debug|Any CPU
		Release|Any CPU = Release|Any CPU
	EndGlobalSection
	GlobalSection(ProjectConfigurationPlatforms) = postSolution
		{FB9DC2B5-5899-6AD3-3DCF-7ADBE626381C}.Debug|Any CPU.ActiveCfg = Debug|Any CPU
		{FB9DC2B5-5899-6AD3-3DCF-7ADBE626381C}.Debug|Any CPU.Build.0 = Debug|Any CPU
		{FB9DC2B5-5899-6AD3-3DCF-7ADBE626381C}.Release|Any CPU.ActiveCfg = Release|Any CPU
		{FB9DC2B5-5899-6AD3-3DCF-7ADBE626381C}.Release|Any CPU.Build.0 = Release|Any CPU
		{6C561A01-6991-8795-1D07-94D123B63E82}.Debug|Any CPU.ActiveCfg = Debug|Any CPU
		{6C561A01-6991-8795-1D07-94D123B63E82}.Debug|Any CPU.Build.0 = Debug|Any CPU
		{6C561A01-6991-8795-1D07-94D123B63E82}.Release|Any CPU.ActiveCfg = Release|Any CPU
		{6C561A01-6991-8795-1D07-94D123B63E82}.Release|Any CPU.Build.0 = Release|Any CPU
	EndGlobalSection
	GlobalSection(SolutionProperties) = preSolution
		HideSolutionNode = FALSE
	EndGlobalSection
	GlobalSection(ExtensibilityGlobals) = postSolution
		SolutionGuid = {F9AE227D-A078-4111-A070-504A29851325}
	EndGlobalSection
EndGlobal
