
Microsoft Visual Studio Solution File, Format Version 12.00
# Visual Studio Version 17
VisualStudioVersion = 17.13.35825.156
MinimumVisualStudioVersion = 10.0.40219.1
Project("{FAE04EC0-301F-11D3-BF4B-00C04F79EFBC}") = "CsabaDu.DynamicTestData.xUnit.Tests", "_Tests\CsabaDu.DynamicTestData.xUnit.Tests.csproj", "{5DEF4F1E-CB54-435E-91F0-E9D7C792F9C5}"
EndProject
Project("{FAE04EC0-301F-11D3-BF4B-00C04F79EFBC}") = "CsabaDu.DynamicTestData.xUnit", "CsabaDu.DynamicTestData.xUnit.csproj", "{FB9DC2B5-5899-6AD3-3DCF-7ADBE626381C}"
EndProject
Project("{2150E333-8FDC-42A3-9474-1A3956D46DE8}") = "_Tests", "_Tests", "{34C67DF9-5E00-4094-A863-25B0111CDD09}"
EndProject
Global
	GlobalSection(SolutionConfigurationPlatforms) = preSolution
		Debug|Any CPU = Debug|Any CPU
		Release|Any CPU = Release|Any CPU
	EndGlobalSection
	GlobalSection(ProjectConfigurationPlatforms) = postSolution
		{5DEF4F1E-CB54-435E-91F0-E9D7C792F9C5}.Debug|Any CPU.ActiveCfg = Debug|Any CPU
		{5DEF4F1E-CB54-435E-91F0-E9D7C792F9C5}.Debug|Any CPU.Build.0 = Debug|Any CPU
		{5DEF4F1E-CB54-435E-91F0-E9D7C792F9C5}.Release|Any CPU.ActiveCfg = Release|Any CPU
		{5DEF4F1E-CB54-435E-91F0-E9D7C792F9C5}.Release|Any CPU.Build.0 = Release|Any CPU
		{FB9DC2B5-5899-6AD3-3DCF-7ADBE626381C}.Debug|Any CPU.ActiveCfg = Debug|Any CPU
		{FB9DC2B5-5899-6AD3-3DCF-7ADBE626381C}.Debug|Any CPU.Build.0 = Debug|Any CPU
		{FB9DC2B5-5899-6AD3-3DCF-7ADBE626381C}.Release|Any CPU.ActiveCfg = Release|Any CPU
		{FB9DC2B5-5899-6AD3-3DCF-7ADBE626381C}.Release|Any CPU.Build.0 = Release|Any CPU
	EndGlobalSection
	GlobalSection(SolutionProperties) = preSolution
		HideSolutionNode = FALSE
	EndGlobalSection
	GlobalSection(NestedProjects) = preSolution
		{5DEF4F1E-CB54-435E-91F0-E9D7C792F9C5} = {34C67DF9-5E00-4094-A863-25B0111CDD09}
	EndGlobalSection
	GlobalSection(ExtensibilityGlobals) = postSolution
		SolutionGuid = {5EE0A1A2-1931-4E29-80A2-B8BFF89AF5F7}
	EndGlobalSection
EndGlobal
